
Microsoft Visual Studio Solution File, Format Version 12.00
# Visual Studio 15
VisualStudioVersion = 15.0.28010.2041
MinimumVisualStudioVersion = 10.0.40219.1
Project("{FAE04EC0-301F-11D3-BF4B-00C04F79EFBC}") = "AutomaticWebInfoGetter", "AutomaticWebInfoGetter\AutomaticWebInfoGetter.csproj", "{8DF4886B-37C2-4D59-B08C-B8CDA2416B62}"
EndProject
Project("{FAE04EC0-301F-11D3-BF4B-00C04F79EFBC}") = "AutomaticWebInfoGetterWpfLib", "AutomaticWebInfoGetterWpfLib\AutomaticWebInfoGetterWpfLib.csproj", "{BD5E8EE0-93F2-4614-8AB9-4C2FDCF2FC28}"
EndProject
Global
	GlobalSection(SolutionConfigurationPlatforms) = preSolution
		Debug|Any CPU = Debug|Any CPU
		Release|Any CPU = Release|Any CPU
	EndGlobalSection
	GlobalSection(ProjectConfigurationPlatforms) = postSolution
		{8DF4886B-37C2-4D59-B08C-B8CDA2416B62}.Debug|Any CPU.ActiveCfg = Debug|Any CPU
		{8DF4886B-37C2-4D59-B08C-B8CDA2416B62}.Debug|Any CPU.Build.0 = Debug|Any CPU
		{8DF4886B-37C2-4D59-B08C-B8CDA2416B62}.Release|Any CPU.ActiveCfg = Release|Any CPU
		{8DF4886B-37C2-4D59-B08C-B8CDA2416B62}.Release|Any CPU.Build.0 = Release|Any CPU
		{BD5E8EE0-93F2-4614-8AB9-4C2FDCF2FC28}.Debug|Any CPU.ActiveCfg = Debug|Any CPU
		{BD5E8EE0-93F2-4614-8AB9-4C2FDCF2FC28}.Debug|Any CPU.Build.0 = Debug|Any CPU
		{BD5E8EE0-93F2-4614-8AB9-4C2FDCF2FC28}.Release|Any CPU.ActiveCfg = Release|Any CPU
		{BD5E8EE0-93F2-4614-8AB9-4C2FDCF2FC28}.Release|Any CPU.Build.0 = Release|Any CPU
	EndGlobalSection
	GlobalSection(SolutionProperties) = preSolution
		HideSolutionNode = FALSE
	EndGlobalSection
	GlobalSection(ExtensibilityGlobals) = postSolution
		SolutionGuid = {7A96A452-BD45-4C68-AEA2-2BAE9503E8AD}
	EndGlobalSection
EndGlobal
